package.json
src/funcs/userListGitNamespaceRepositories.ts
src/models/operations/incrementcommandattempt.ts
src/models/machinesdrainblocker.ts
src/models/setupregistrationaction.ts
src/funcs/authWhoami.ts
src/models/operations/updatedeploymentgroup.ts
src/models/domainendpointowner.ts
src/sdk/releases.ts
src/models/managerheartbeatrequest.ts
src/models/prepareoperatormanifestpackageresponse.ts
src/sdk/commands.ts
src/funcs/workspacesUpdate.ts
src/models/commandlistitemresponse.ts
src/models/operations/listworkspacemembers.ts
docs/lib/utils/retryconfig.md
src/funcs/deploymentsPinRelease.ts
src/funcs/deploymentGroupsListDeploymentGroups.ts
src/models/environmentvariabletype.ts
src/funcs/apiKeysDeleteMultiple.ts
src/models/listmachinesjointokensresponse.ts
src/models/privatemanagercloud.ts
src/models/operations/listcommands.ts
src/models/createdeploymentgrouprequest.ts
src/funcs/debugSessionsUpdate.ts
src/funcs/managersProvision.ts
src/models/operations/getrelease.ts
src/funcs/syncContext.ts
src/models/domainendpoint.ts
src/models/removemachinesmachineresponse.ts
src/funcs/managersResolveGcpOAuthProvider.ts
src/models/operations/createapikey.ts
src/models/deletedeploymentrequest.ts
src/funcs/managersListEvents.ts
USAGE.md
src/models/operations/resolve.ts
src/funcs/managersGetDeployment.ts
src/models/deletedeploymentresponse.ts
src/funcs/machinesRotateJoinToken.ts
src/models/createdeploymentgrouptokenrequest.ts
src/models/updatedeploymentenvironmentvariablesrequest.ts
src/funcs/projectsCreateFromTemplate.ts
src/models/command.ts
src/models/apikey.ts
src/models/operations/refreshdomain.ts
src/models/operations/retrymanagersetup.ts
src/models/operations/syncacquire.ts
docs/sdks/apikeys/README.md
src/funcs/commandsCreate.ts
src/models/commanddeploymentinfo.ts
src/funcs/domainsCreateEndpoint.ts
src/models/workspacerole.ts
docs/sdks/auth/README.md
src/models/operations/createdeploymentgrouptoken.ts
.gitattributes
src/models/operations/updatedeploymentenvironmentvariables.ts
src/models/createfirstpartydeploymentsessionresponse.ts
src/models/errors/apierror.ts
src/funcs/packagesGet.ts
src/models/updatedeploymentinputsresponse.ts
src/models/operations/listdeploymentfilterenvironments.ts
src/funcs/resourcesListDeployments.ts
docs/sdks/billing/README.md
src/funcs/syncRelease.ts
src/models/operations/listworkspaces.ts
src/models/drainmachinesmachinerequest.ts
src/models/operations/whoami.ts
docs/sdks/cloudregions/README.md
src/funcs/eventsGet.ts
src/models/stackbyplatform.ts
src/models/operations/createdeployment.ts
src/models/updateproject.ts
src/funcs/userListMemberships.ts
src/models/projectscope.ts
src/models/apikeydeploymentsetupenvironmentvariable.ts
src/models/syncacquirerequest.ts
src/models/commandprojectinfo.ts
src/models/subjectscope.ts
src/models/operations/rebuildpackages.ts
src/models/dispatchcommandresponse.ts
src/models/operations/createfirstpartydeploymentsession.ts
src/models/listmachinesinventoryresponse.ts
src/funcs/userSyncGitNamespaces.ts
src/models/createapikeyrequest.ts
src/funcs/cloudRegionsGet.ts
src/funcs/deploymentsListFilterDeploymentGroups.ts
src/sdk/apikeys.ts
src/models/incrementcommandattemptresponse.ts
src/models/operations/resolvecommandtarget.ts
src/funcs/syncAcquire.ts
src/funcs/apiKeysRevoke.ts
src/models/projectgcpoauthprovider.ts
src/models/apierror.ts
src/models/syncacquireresponse.ts
src/models/setupregistrationoperationstatus.ts
src/models/deploymentportalappearance.ts
src/funcs/projectsGetActiveRelease.ts
src/models/operations/listgitnamespacerepositories.ts
src/hooks/types.ts
src/models/manager.ts
src/models/deploymentconnectioninfo.ts
src/models/revokemachinesjointokenresponse.ts
src/models/operations/getworkspace.ts
src/funcs/deploymentsGet.ts
src/models/updateapikeyrequest.ts
src/funcs/userCompleteProfileSetup.ts
src/models/workspacescope.ts
src/models/operations/getdeploymentgroup.ts
src/funcs/resolveResolve.ts
src/models/subject.ts
src/models/operations/listreleasebranches.ts
src/models/githubprovider.ts
src/funcs/domainsRefresh.ts
src/models/index.ts
src/funcs/apiKeysList.ts
src/models/deploymentportalaccentcolor.ts
src/funcs/operatorManifestsRenderOperatorManifest.ts
docs/sdks/commands/README.md
src/models/updatecommandrequest.ts
src/models/domainendpointownertype.ts
src/models/synclistrequest.ts
src/funcs/domainsList.ts
src/models/billingauditlogrow.ts
src/models/listcommanddeploymentsresponse.ts
src/models/operations/listapikeys.ts
docs/sdks/debugsessions/README.md
src/models/deploymentcomputeplan.ts
src/models/createreleaserequest.ts
docs/sdks/deployment/README.md
src/funcs/machinesRemoveMachine.ts
src/models/event.ts
src/sdk/projects.ts
src/models/persistimporteddeploymentrequest.ts
src/funcs/deploymentGroupsCreateDeploymentGroup.ts
src/models/operations/deleteworkspace.ts
src/models/operations/plandeploymentcompute.ts
src/funcs/deploymentsRedeploy.ts
src/models/createdeploymentresponse.ts
docs/sdks/deploymentgroups/README.md
src/models/operations/getmanagermanagementconfig.ts
src/models/setupregistrationoperationresult.ts
.npmignore
src/funcs/commandsComplete.ts
FUNCTIONS.md
src/funcs/releasesListBranches.ts
RUNTIMES.md
eslint.config.mjs
src/funcs/managersCreate.ts
src/models/operations/ensuredeploymentgroupbyname.ts
jsr.json
src/models/deploymentportaldensity.ts
src/models/operations/synclist.ts
src/models/releaseauthorfilteritem.ts
src/core.ts
src/index.ts
src/sdk/auth.ts
src/lib/base64.ts
src/models/environmentvariableconfig.ts
src/models/commanddeploymentgroupinfo.ts
src/lib/config.ts
src/lib/dlv.ts
src/models/operations/createmanager.ts
src/lib/encodings.ts
src/models/prepareoperatormanifestpackagerequest.ts
src/models/operations/listdeploymentgroups.ts
src/lib/env.ts
src/lib/files.ts
src/lib/http.ts
src/lib/is-plain-object.ts
src/models/deploymentsetuppolicy.ts
src/lib/logger.ts
src/models/deploymentlinksetupresponse.ts
src/models/domainendpointstatus.ts
src/lib/matchers.ts
src/funcs/projectsCreate.ts
src/lib/primitives.ts
src/lib/retries.ts
examples/package.json
src/lib/schemas.ts
src/funcs/managersUpdateDomainBinding.ts
src/lib/sdks.ts
src/models/deploymentdetailresponse.ts
src/models/releaselistitemresponse.ts
src/lib/security.ts
src/lib/url.ts
src/models/setupregistrationoperationresponse.ts
src/sdk/index.ts
src/models/errors/httpclienterrors.ts
src/models/errors/responsevalidationerror.ts
src/funcs/releasesGet.ts
src/models/errors/sdkvalidationerror.ts
src/models/errors/alienerror.ts
src/models/errors/aliendefaulterror.ts
src/types/async.ts
src/funcs/projectsGet.ts
src/types/blobs.ts
src/types/constdatetime.ts
src/funcs/deploymentGroupsCreateDeploymentGroupToken.ts
src/models/operations/retrydeployment.ts
src/funcs/commandsUpdate.ts
src/types/enums.ts
src/types/fp.ts
src/types/index.ts
src/types/operations.ts
src/models/operations/getdeployment.ts
src/types/rfcdate.ts
src/types/streams.ts
src/models/operations/createprojectfromtemplate.ts
src/models/operations/updateprojectgcpoauthprovider.ts
src/types/unrecognized.ts
tsconfig.json
src/models/deploymentprojectinfo.ts
src/models/cancelmachinesmachinedrainresponse.ts
src/models/operations/updatecommand.ts
src/sdk/deployment.ts
src/models/operations/getapikey.ts
src/funcs/deploymentsGetSetupRegistrationOperation.ts
src/sdk/resolve.ts
src/models/operations/listmanagers.ts
src/funcs/commandsDispatch.ts
src/models/operations/cancelpackage.ts
src/models/deploymentgrouprole.ts
src/funcs/managersGenerateManagerToken.ts
src/models/resolveresponse.ts
src/models/operations/deletedeployment.ts
src/models/operations/synccontext.ts
src/models/gitmetadata.ts
src/models/operations/getmanagerdeployment.ts
src/models/operations/listresourcedeployments.ts
src/funcs/debugSessionsCreate.ts
src/sdk/operatormanifests.ts
src/funcs/commandsResolveTarget.ts
src/models/updatemanagerdomainbinding.ts
src/funcs/projectsGetDeploymentPortalDomain.ts
src/models/completecommandrequest.ts
src/models/operations/deletedeploymentgroup.ts
src/models/operations/getcloudregions.ts
src/funcs/machinesDrainMachine.ts
src/models/scope.ts
docs/sdks/deployments/README.md
src/models/newdeploymentrequest.ts
src/models/deploymentgroupscope.ts
src/models/operations/createrelease.ts
src/models/operations/provisionmanager.ts
src/models/userrole.ts
src/models/debugsession.ts
src/models/operations/syncgitnamespaces.ts
src/funcs/deploymentsListFilterEnvironments.ts
src/models/operations/revokeapikey.ts
src/models/operations/listevents.ts
src/models/operations/getprojectdeploymentportaldomain.ts
src/models/createcommandresponse.ts
src/models/kubernetesbaseplatform.ts
src/models/operations/listreleaseauthors.ts
src/funcs/deploymentsUpdateEnvironmentVariables.ts
src/funcs/resourcesListOverview.ts
src/models/deleteapikeysrequest.ts
src/models/updatemanagerrequest.ts
src/models/generatemanagertokenrequest.ts
docs/sdks/domains/README.md
src/models/operations/listdeployments.ts
src/funcs/deploymentsDelete.ts
src/models/operations/getsetupregistrationoperation.ts
src/models/operations/getprojectdeploymentlinksetup.ts
src/funcs/machinesCreateJoinToken.ts
docs/sdks/events/README.md
src/models/billingfeatureflags.ts
src/models/workspacebillingentitlements.ts
src/models/operations/removeworkspacemember.ts
src/models/operations/revokemachinesjointoken.ts
src/models/operations/listreleases.ts
src/funcs/workspacesDelete.ts
src/models/gitlabprovider.ts
src/models/operations/deleteproject.ts
src/models/operations/listmanagerevents.ts
src/sdk/workspaces.ts
src/models/operations/deletemanager.ts
src/models/operations/dispatchcommand.ts
src/funcs/billingGetEntitlements.ts
src/funcs/releasesListAuthors.ts
src/sdk/user.ts
src/funcs/managersDelete.ts
src/models/billinglimits.ts
docs/sdks/machines/README.md
src/funcs/domainsDelete.ts
src/models/deploymentsetupstacksettingspolicy.ts
src/funcs/userCreateWorkspace.ts
src/models/operations/createdeploymenttoken.ts
src/models/deploymentgroup.ts
src/models/operations/createcommand.ts
src/funcs/workspacesDismissOnboarding.ts
src/funcs/debugSessionsGet.ts
src/models/usersubject.ts
src/models/debugsessionstate.ts
src/funcs/workspacesGet.ts
examples/userListMemberships.example.ts
src/funcs/machinesListJoinTokens.ts
src/models/synccontextrequest.ts
docs/sdks/managers/README.md
docs/sdks/operatormanifests/README.md
src/models/createmanagerresponse.ts
src/models/setfirstpartydeploymentinputsresponse.ts
src/models/gitrepository.ts
src/models/operatorcapabilityreport.ts
docs/sdks/packages/README.md
src/models/importsource.ts
src/funcs/deploymentGroupsUpdateDeploymentGroup.ts
src/models/resolvemanagergcpoauthproviderrequest.ts
src/sdk/sdk.ts
src/funcs/domainsCreate.ts
src/models/resolvedstackinputsummary.ts
src/funcs/projectsUpdate.ts
src/models/projectrole.ts
src/funcs/userUpdateProfile.ts
examples/README.md
src/models/domainwithusage.ts
src/funcs/commandsListNames.ts
src/models/operations/getdeploymentconnectioninfo.ts
src/models/deploymentinfosetupconfig.ts
src/sdk/events.ts
src/models/apikeydeploymentsetupconfig.ts
src/funcs/workspacesListMembers.ts
src/models/operations/rotatemachinesjointoken.ts
src/models/operations/getdeploymentinputs.ts
src/hooks/index.ts
src/models/domainendpointkind.ts
src/models/updateprojectgcpoauthprovider.ts
src/funcs/userListGitNamespaces.ts
src/models/operations/updateuserprofile.ts
src/models/operations/createdomainendpoint.ts
src/models/release.ts
src/models/deploymentsetupmethod.ts
src/funcs/deploymentsCreateToken.ts
src/funcs/projectsGetGcpOAuthProvider.ts
src/models/operations/listmemberships.ts
src/funcs/projectsDelete.ts
src/models/createapikeyresponse.ts
src/models/setupfingerprintinfo.ts
src/models/operations/listdebugsessions.ts
src/sdk/managers.ts
src/funcs/commandsListDeployments.ts
src/models/operations/updatemanagerdomainbinding.ts
src/models/projectreleaseinfo.ts
src/models/updatedeploymentsetuppolicy.ts
docs/sdks/projects/README.md
src/sdk/resources.ts
src/funcs/syncReconcile.ts
src/funcs/workspacesUpdateMember.ts
src/funcs/apiKeysGet.ts
src/models/generatemanagertokenresponse.ts
src/models/updatedebugsessionrequest.ts
src/models/operations/reportmanagerheartbeat.ts
src/models/billingplanstatus.ts
src/funcs/deploymentGroupsDeleteDeploymentGroup.ts
src/funcs/managersReportHeartbeat.ts
src/models/operations/getmanagerdomainbinding.ts
src/funcs/deploymentGroupsCreateFirstPartyDeploymentSession.ts
src/funcs/resourcesListInventory.ts
docs/sdks/releases/README.md
docs/sdks/resolve/README.md
src/models/operations/listinventory.ts
src/models/deploymentportalmanageddnsrecord.ts
src/models/rotatemachinesjointokenresponse.ts
src/models/deploymentportaldomainresponse.ts
src/models/operations/updateproject.ts
src/models/renderoperatormanifestresponse.ts
src/models/managermanagementconfigs.ts
docs/sdks/resources/README.md
docs/sdks/sync/README.md
docs/sdks/user/README.md
src/models/operations/getresourcedeploymentdetail.ts
docs/sdks/workspaces/README.md
src/models/createdeploymentgrouptokenresponse.ts
src/models/operations/getprojectactiverelease.ts
src/models/completecommandresponse.ts
src/models/ensuredeploymentgroupbynamerequest.ts
src/models/managerretryresponse.ts
src/funcs/managersUpdate.ts
src/funcs/apiKeysCreate.ts
src/models/operations/updatemanager.ts
src/models/operations/createsetupregistrationoperation.ts
src/models/operations/getprojecttemplateurls.ts
src/models/updatedeploymentinputsrequest.ts
src/funcs/machinesCancelMachineDrain.ts
src/models/resolvemanagergcpoauthproviderresponse.ts
src/models/syncreleaserequest.ts
src/models/workspace.ts
src/funcs/commandsGet.ts
src/funcs/deploymentsRetry.ts
src/models/deploymentinputsresponse.ts
src/models/deploymentrole.ts
src/sdk/cloudregions.ts
src/models/syncacquireresponsedeployment.ts
src/funcs/managersGet.ts
src/models/deploymentreleaseinfo.ts
src/funcs/projectsGetTemplateUrls.ts
src/models/operations/syncrelease.ts
src/models/importdeploymentrequest.ts
src/models/operations/deleteapikeys.ts
src/models/gitnamespace.ts
src/funcs/managersCancelSetup.ts
src/models/operations/drainmachinesmachine.ts
src/models/operations/getworkspacebillingentitlements.ts
.devcontainer/devcontainer.json
src/funcs/machinesRevokeJoinToken.ts
src/models/operations/createdebugsession.ts
src/models/deploymentinfo.ts
src/models/operations/updatedeploymentinputs.ts
src/models/operations/listmachinesinventory.ts
src/models/operations/listdeploymentfilterdeploymentgroups.ts
src/funcs/operatorManifestsPrepareOperatorManifestPackage.ts
src/models/deploymentportalappearancepreset.ts
src/funcs/deploymentsCreateSetupRegistrationOperation.ts
src/funcs/apiKeysUpdate.ts
src/funcs/deploymentGroupsEnsureDeploymentGroupByName.ts
src/models/createdebugsessionrequest.ts
src/models/cloudregionsresponse.ts
src/models/dispatchcommandrequest.ts
src/models/operations/listresourceoverview.ts
src/models/planid.ts
src/funcs/releasesList.ts
src/hooks/hooks.ts
src/models/operations/getprojectgcpoauthprovider.ts
src/models/createdeploymenttokenrequest.ts
src/models/operations/cancelmachinesmachinedrain.ts
src/models/encryptedstackinputvalue.ts
src/funcs/workspacesList.ts
src/funcs/syncList.ts
src/models/operations/cancelmanagersetup.ts
src/models/operations/listmachinesjointokens.ts
src/models/operations/syncreconcile.ts
src/sdk/domains.ts
src/models/managerstatus.ts
src/models/deployment.ts
src/models/synclistresponse.ts
src/funcs/projectsGetDeploymentLinkSetup.ts
src/models/setfirstpartydeploymentinputsrequest.ts
src/funcs/managersList.ts
src/models/createcommandrequest.ts
src/models/managerheartbeatresponse.ts
src/funcs/deploymentsGetInfo.ts
src/sdk/packages.ts
src/models/operations/listdomains.ts
src/models/operations/importdeployment.ts
src/models/newmanagerrequest.ts
src/models/managerrole.ts
src/funcs/domainsGet.ts
src/models/updatedeploymentgrouprequest.ts
src/models/deploymentscope.ts
src/models/operations/createdeploymentgroup.ts
src/models/operatorcapabilitystate.ts
src/models/operations/createproject.ts
src/models/createmachinesjointokenresponse.ts
src/models/machinescapacitymetric.ts
src/models/operations/retrymanager.ts
src/models/managerdeployment.ts
src/funcs/debugSessionsList.ts
src/funcs/eventsList.ts
src/sdk/sync.ts
src/funcs/commandsList.ts
src/funcs/deploymentsCreate.ts
src/models/operations/getevent.ts
src/models/operations/getcommand.ts
src/models/operations/updateapikey.ts
src/models/deploymentstats.ts
src/funcs/deploymentsGetStats.ts
src/funcs/releasesCreate.ts
src/models/operations/listpackages.ts
src/funcs/managersRetry.ts
src/models/forwardimportrequest.ts
src/models/project.ts
src/models/package.ts
src/models/operations/preparedeploymentstack.ts
src/models/operations/listprojects.ts
src/models/operations/prepareoperatormanifestpackage.ts
.devcontainer/setup.sh
src/models/importedresource.ts
src/funcs/deploymentGetInfo.ts
src/sdk/deploymentgroups.ts
src/models/membership.ts
src/models/syncreconcilerequest.ts
src/models/syncreconcileresponse.ts
src/funcs/userGetProfile.ts
src/funcs/billingListAuditLog.ts
src/models/debugsessionlistresponse.ts
src/models/createdeploymenttokenresponse.ts
src/models/machinesinventoryitem.ts
src/models/serviceaccountsubject.ts
src/funcs/deploymentPrepareStack.ts
src/funcs/machinesListInventory.ts
src/models/operations/removemachinesmachine.ts
src/models/operations/listcommandnames.ts
src/models/gitprovider.ts
src/models/projectlistitemresponse.ts
src/models/operations/listcommanddeployments.ts
src/funcs/managersGetManagementConfig.ts
src/funcs/packagesCancel.ts
src/models/userprofilesetuprequest.ts
src/models/operations/getdomain.ts
.devcontainer/README.md
src/models/operations/addworkspacemember.ts
src/sdk/billing.ts
src/models/listcommandnamesresponse.ts
src/funcs/projectsList.ts
src/models/managerscope.ts
src/funcs/packagesList.ts
src/models/operations/getdeploymentstats.ts
src/funcs/workspacesAddMember.ts
src/funcs/deploymentsList.ts
src/models/deploymentsetupconfig.ts
src/models/operations/listbillingauditlog.ts
src/models/pinreleaserequest.ts
src/models/supportedcloudregions.ts
src/sdk/deployments.ts
src/funcs/managersGetDomainBinding.ts
src/funcs/managersRetrySetup.ts
src/models/deploymentgroupinfo.ts
src/funcs/deploymentGroupsGetDeploymentGroup.ts
src/models/operations/getdeploymentinfo.ts
src/models/operations/renderoperatormanifest.ts
src/funcs/deploymentsUpdateInputs.ts
src/models/userprofile.ts
src/models/importsourcekind.ts
docs/models/operations/listmembershipsresponse.md
docs/models/operations/updateuserprofilerequest.md
docs/models/operations/createworkspacerequest.md
src/models/operations/getdebugsession.ts
docs/models/operations/listgitnamespacesprovider.md
src/models/operations/resolvemanagergcpoauthprovider.ts
src/funcs/deploymentPlanCompute.ts
docs/models/operations/listgitnamespacesrequest.md
src/models/managerdomainbindingresponse.ts
src/models/privatemanagersetupmethod.ts
src/models/workspacemember.ts
docs/models/operations/listgitnamespacesresponse.md
src/models/operations/updateworkspacemember.ts
examples/.env.template
docs/models/operations/syncgitnamespacesprovider.md
src/models/resolvedcommandtarget.ts
docs/models/operations/syncgitnamespacesrequest.md
src/funcs/deploymentsSetFirstPartyDeploymentInputs.ts
src/models/operations/createmachinesjointoken.ts
src/models/machinesjointokensummary.ts
docs/models/operations/syncgitnamespacesresponse.md
src/models/security.ts
src/funcs/deploymentsGetInputs.ts
docs/models/operations/listgitnamespacerepositoriesrequest.md
src/models/operations/deletedomain.ts
src/models/operations/completecommand.ts
docs/models/operations/listgitnamespacerepositoriesresponse.md
docs/models/operations/whoamirequest.md
docs/models/operations/listworkspacesrequest.md
docs/models/operations/listworkspacesresponse.md
src/models/deploymentlistitemresponse.ts
docs/models/operations/getworkspacerequest.md
src/funcs/packagesRebuild.ts
docs/models/operations/updateworkspacerequestbody.md
src/models/operations/pindeploymentrelease.ts
src/models/drainmachinesmachineresponse.ts
docs/models/operations/updateworkspacerequest.md
src/funcs/deploymentsImport.ts
src/sdk/debugsessions.ts
docs/models/operations/deleteworkspacerequest.md
src/models/errors/index.ts
src/models/operations/listgitnamespaces.ts
docs/models/operations/listworkspacemembersrequest.md
src/models/stackinputvaluerequest.ts
docs/models/operations/listworkspacemembersresponse.md
docs/models/operations/addworkspacememberrequestbody.md
docs/models/operations/addworkspacememberrequest.md
docs/models/operations/updateworkspacememberrequestbody.md
docs/models/operations/updateworkspacememberrequest.md
docs/models/operations/removeworkspacememberrequest.md
docs/models/operations/dismissworkspaceonboardingrequest.md
docs/models/operations/listprojectsinclude.md
docs/models/operations/listprojectsrequest.md
docs/models/operations/listprojectsresponse.md
docs/models/operations/createprojecttyperequest.md
docs/models/operations/gitrepositoryrequest.md
docs/models/operations/createprojectclirequest.md
docs/models/operations/createprojectcloudformationrequest.md
docs/models/operations/createprojectoperatorimagerequest.md
docs/models/operations/createprojecthelmrequest.md
docs/models/operations/createprojectterraformrequest.md
docs/models/operations/createprojectpackagesconfigrequest.md
docs/models/operations/createprojectrequestbody.md
src/models/createsetupregistrationoperationrequest.ts
docs/models/operations/createprojectrequest.md
src/sdk/machines.ts
docs/models/operations/createprojecttyperesponse.md
src/funcs/workspacesRemoveMember.ts
docs/models/operations/createprojectgitrepositoryresponse.md
src/models/operations/updatedebugsession.ts
src/funcs/resourcesGetDeploymentDetail.ts
docs/models/operations/createprojectdeploymentportalappearance.md
src/models/debugpackagepresignedurls.ts
docs/models/operations/createprojectcliresponse.md
docs/models/operations/createprojectcloudformationresponse.md
docs/models/operations/createprojectoperatorimageresponse.md
docs/models/operations/createprojecthelmresponse.md
docs/models/operations/createprojectterraformresponse.md
docs/models/operations/createprojectpackagesconfigresponse.md
docs/models/operations/createprojectdefaultmanagers.md
docs/models/operations/createprojectgithubsetup.md
docs/models/operations/createprojectresponse.md
docs/models/operations/getprojectrequest.md
docs/models/operations/updateprojectrequest.md
docs/models/operations/deleteprojectrequest.md
docs/models/operations/getprojectgcpoauthproviderrequest.md
docs/models/operations/updateprojectgcpoauthproviderrequest.md
docs/models/operations/getprojectdeploymentportaldomainrequest.md
docs/models/operations/templatepathrequest.md
docs/models/operations/createprojectfromtemplateclirequest.md
docs/models/operations/createprojectfromtemplatecloudformationrequest.md
docs/models/operations/createprojectfromtemplateoperatorimagerequest.md
docs/models/operations/createprojectfromtemplatehelmrequest.md
docs/models/operations/createprojectfromtemplateterraformrequest.md
docs/models/operations/createprojectfromtemplatepackagesconfigrequest.md
docs/models/operations/createprojectfromtemplaterequestbody.md
docs/models/operations/createprojectfromtemplaterequest.md
docs/models/operations/createprojectfromtemplatetype.md
docs/models/operations/createprojectfromtemplategitrepository.md
docs/models/operations/createprojectfromtemplatedeploymentportalappearance.md
src/models/prepareddeploymentstack.ts
docs/models/operations/createprojectfromtemplatecliresponse.md
src/funcs/commandsIncrementAttempt.ts
docs/models/operations/createprojectfromtemplatecloudformationresponse.md
src/funcs/projectsUpdateGcpOAuthProvider.ts
src/models/kubernetesclustersource.ts
src/models/operations/createworkspace.ts
docs/models/operations/createprojectfromtemplateoperatorimageresponse.md
src/models/operations/updateworkspace.ts
src/models/operations/createdomain.ts
docs/models/operations/createprojectfromtemplatehelmresponse.md
src/models/operations/getpackage.ts
src/models/setupregistrationcloudformationtarget.ts
docs/models/operations/createprojectfromtemplateterraformresponse.md
src/models/operations/redeploydeployment.ts
src/models/role.ts
src/models/operations/index.ts
docs/models/operations/createprojectfromtemplatepackagesconfigresponse.md
docs/models/operations/createprojectfromtemplatedefaultmanagers.md
docs/models/operations/createprojectfromtemplategithubsetup.md
docs/models/operations/sourcerepository.md
docs/models/operations/templatepathresponse.md
docs/models/operations/template.md
docs/models/operations/createprojectfromtemplateresponse.md
docs/models/operations/getprojecttemplateurlsrequest.md
docs/models/operations/getprojecttemplateurlsaws.md
docs/models/operations/getprojecttemplateurlsresponse.md
docs/models/operations/getprojectdeploymentlinksetuprequest.md
docs/models/operations/getprojectactivereleaserequest.md
docs/models/operations/createdeploymentgrouprequest.md
docs/models/operations/listdeploymentgroupsinclude.md
docs/models/operations/listdeploymentgroupsrequest.md
docs/models/operations/listdeploymentgroupsproject.md
docs/models/operations/listdeploymentgroupsitem.md
docs/models/operations/listdeploymentgroupsresponse.md
docs/models/operations/ensuredeploymentgroupbynamerequest.md
docs/models/operations/getdeploymentgroupinclude.md
docs/models/operations/getdeploymentgrouprequest.md
docs/models/operations/getdeploymentgroupproject.md
docs/models/operations/getdeploymentgroupresponse.md
docs/models/operations/updatedeploymentgrouprequest.md
docs/models/operations/deletedeploymentgrouprequest.md
docs/models/operations/createdeploymentgrouptokenrequest.md
docs/models/operations/createfirstpartydeploymentsessionrequest.md
docs/models/operations/listpackagestype.md
docs/models/operations/listpackagesstatus.md
docs/models/operations/listpackagesrequest.md
docs/models/operations/listpackagesresponse.md
docs/models/operations/getpackagerequest.md
docs/models/operations/rebuildpackagesrequestbody.md
docs/models/operations/rebuildpackagesrequest.md
docs/models/operations/rebuildpackagesresponse.md
docs/models/operations/cancelpackagerequest.md
docs/models/operations/listreleasesinclude.md
docs/models/operations/listreleasesrequest.md
docs/models/operations/listreleasesresponse.md
docs/models/operations/createreleaserequest.md
docs/models/operations/listreleasebranchesrequest.md
docs/models/operations/listreleasebranchesresponse.md
docs/models/operations/listreleaseauthorsrequest.md
docs/models/operations/listreleaseauthorsresponse.md
docs/models/operations/getreleaseinclude.md
docs/models/operations/getreleaserequest.md
docs/models/operations/listdeploymentsstatus.md
docs/models/operations/listdeploymentsenvironment.md
docs/models/operations/listdeploymentsinclude.md
docs/models/operations/listdeploymentsrequest.md
docs/models/operations/listdeploymentsresponse.md
docs/models/operations/createdeploymentrequest.md
docs/models/operations/getdeploymentstatsenvironment.md
docs/models/operations/getdeploymentstatsstatus.md
docs/models/operations/getdeploymentstatsrequest.md
docs/models/operations/listdeploymentfilterenvironmentsrequest.md
docs/models/operations/listdeploymentfilterenvironmentsitem.md
docs/models/operations/listdeploymentfilterenvironmentsresponse.md
docs/models/operations/listdeploymentfilterdeploymentgroupsrequest.md
docs/models/operations/listdeploymentfilterdeploymentgroupsitem.md
docs/models/operations/listdeploymentfilterdeploymentgroupsresponse.md
docs/models/operations/getdeploymentinclude.md
docs/models/operations/getdeploymentrequest.md
docs/models/operations/getdeploymentconnectioninforequest.md
docs/models/operations/importdeploymentrequest.md
docs/models/operations/createsetupregistrationoperationrequest.md
docs/models/operations/getsetupregistrationoperationrequest.md
docs/models/operations/deletedeploymentrequest.md
docs/models/operations/redeploydeploymentrequest.md
docs/models/operations/redeploydeploymentresponse.md
docs/models/operations/pindeploymentreleaserequest.md
docs/models/operations/pindeploymentreleaseresponse.md
docs/models/operations/retrydeploymentrequest.md
docs/models/operations/retrydeploymentresponse.md
docs/models/operations/getdeploymentinputsrequest.md
docs/models/operations/updatedeploymentinputsrequest.md
docs/models/operations/updatedeploymentenvironmentvariablesrequest.md
docs/models/operations/updatedeploymentenvironmentvariablesresponse.md
docs/models/operations/createdeploymenttokenrequest.md
docs/models/operations/createmanagerrequest.md
docs/models/operations/listmanagersrequest.md
docs/models/operations/retrymanagersetuprequest.md
docs/models/operations/retrymanagerrequest.md
docs/models/operations/cancelmanagersetuprequest.md
docs/models/operations/cancelmanagersetupresponse.md
docs/models/operations/getmanagerrequest.md
docs/models/operations/deletemanagerrequest.md
docs/models/operations/deletemanagerresponse.md
docs/models/operations/getmanagerdomainbindingrequest.md
docs/models/operations/updatemanagerdomainbindingrequest.md
docs/models/operations/getmanagermanagementconfigqueryparamplatform.md
docs/models/operations/getmanagermanagementconfigrequest.md
docs/models/operations/getmanagermanagementconfigkubernetes.md
docs/models/operations/getmanagermanagementconfigazure.md
docs/models/operations/getmanagermanagementconfiggcp.md
docs/models/operations/getmanagermanagementconfigaws.md
docs/models/operations/getmanagermanagementconfigresponse.md
docs/models/operations/provisionmanagerrequest.md
docs/models/operations/provisionmanagerresponse.md
docs/models/operations/updatemanagerrequest.md
docs/models/operations/updatemanagerresponse.md
docs/models/operations/listmanagereventsrequest.md
docs/models/operations/listmanagereventsresponse.md
docs/models/operations/generatemanagertokenrequest.md
docs/models/operations/resolvemanagergcpoauthproviderrequest.md
docs/models/operations/reportmanagerheartbeatrequest.md
docs/models/operations/getmanagerdeploymentrequest.md
docs/models/operations/prepareoperatormanifestpackagerequest.md
docs/models/operations/renderoperatormanifestrequest.md
docs/models/operations/listapikeysrequest.md
docs/models/operations/listapikeysresponse.md
docs/models/operations/createapikeyrequest.md
docs/models/operations/getapikeyrequest.md
docs/models/operations/updateapikeyrequest.md
docs/models/operations/revokeapikeyrequest.md
docs/models/operations/deleteapikeysrequest.md
docs/models/operations/deleteapikeysresponse.md
docs/models/operations/listdomainsrequest.md
docs/models/operations/listdomainsresponse.md
docs/models/operations/setup.md
docs/models/operations/createdomainrequestbody.md
docs/models/operations/createdomainrequest.md
docs/models/operations/createdomainendpointkind.md
docs/models/operations/createdomainendpointtype.md
docs/models/operations/owner.md
docs/models/operations/createdomainendpointrequestbody.md
docs/models/operations/createdomainendpointrequest.md
docs/models/operations/getdomainrequest.md
docs/models/operations/deletedomainrequest.md
docs/models/operations/deletedomainresponse.md
docs/models/operations/refreshdomainrequest.md
docs/models/operations/listeventsrequest.md
docs/models/operations/listeventsresponse.md
docs/models/operations/geteventrequest.md
docs/models/operations/listmachinesjointokensrequest.md
docs/models/operations/createmachinesjointokenrequest.md
docs/models/operations/rotatemachinesjointokenrequest.md
docs/models/operations/revokemachinesjointokenrequest.md
docs/models/operations/listmachinesinventoryrequest.md
docs/models/operations/cancelmachinesmachinedrainrequest.md
docs/models/operations/drainmachinesmachinerequest.md
docs/models/operations/removemachinesmachinerequest.md
docs/models/operations/state.md
docs/models/operations/listcommandsinclude.md
docs/models/operations/listcommandsrequest.md
docs/models/operations/listcommandsresponse.md
docs/models/operations/createcommandrequest.md
docs/models/operations/listcommandnamesrequest.md
docs/models/operations/listcommanddeploymentsrequest.md
docs/models/operations/resolvecommandtargetrequest.md
docs/models/operations/updatecommandrequest.md
docs/models/operations/getcommandrequest.md
docs/models/operations/dispatchcommandrequest.md
docs/models/operations/completecommandrequest.md
docs/models/operations/incrementcommandattemptrequest.md
docs/models/operations/listdebugsessionsmode.md
docs/models/operations/listdebugsessionsprovider.md
docs/models/operations/listdebugsessionsrequest.md
docs/models/operations/createdebugsessionrequest.md
docs/models/operations/updatedebugsessionrequest.md
docs/models/operations/getdebugsessionrequest.md
docs/models/operations/getdeploymentinfoplatform.md
docs/models/operations/getdeploymentinforequest.md
docs/models/operations/plandeploymentcomputeplatform.md
docs/models/operations/plandeploymentcomputepoolsautoscale.md
docs/models/operations/plandeploymentcomputepoolsfixed.md
docs/models/operations/plandeploymentcomputepoolsunion.md
docs/models/operations/plandeploymentcomputecompute.md
docs/models/operations/plandeploymentcomputedeploymentmodel.md
docs/models/operations/plandeploymentcomputeaws.md
docs/models/operations/plandeploymentcomputeawsunion.md
docs/models/operations/plandeploymentcomputeazure.md
docs/models/operations/plandeploymentcomputeazureunion.md
docs/models/operations/plandeploymentcomputegcp.md
docs/models/operations/plandeploymentcomputegcpunion.md
docs/models/operations/plandeploymentcomputetlssecretref.md
docs/models/operations/plandeploymentcomputedomainskubernetes.md
docs/models/operations/plandeploymentcomputedomainskubernetesunion.md
docs/models/operations/plandeploymentcomputedomainscertificate.md
docs/models/operations/plandeploymentcomputecustomdomains.md
docs/models/operations/plandeploymentcomputemodeloadbalancer.md
docs/models/operations/plandeploymentcomputepublicendpointtargetloadbalancer.md
docs/models/operations/plandeploymentcomputemodemachineaddresses.md
docs/models/operations/plandeploymentcomputepublicendpointtargetmachineaddresses.md
docs/models/operations/plandeploymentcomputepublicendpointtargetunion.md
docs/models/operations/plandeploymentcomputedomains.md
docs/models/operations/plandeploymentcomputedomainsunion.md
docs/models/operations/plandeploymentcomputeexternalbindings.md
docs/models/operations/plandeploymentcomputeheartbeats.md
docs/models/operations/plandeploymentcomputecloud.md
docs/models/operations/plandeploymentcomputecloudunion.md
docs/models/operations/plandeploymentcomputeownership.md
docs/models/operations/plandeploymentcomputecluster.md
docs/models/operations/plandeploymentcomputeclusterunion.md
docs/models/operations/plandeploymentcomputecertificatenone2.md
docs/models/operations/plandeploymentcomputecertificatemanagedtlssecret2.md
docs/models/operations/plandeploymentcomputecertificateawsacmarn2.md
docs/models/operations/plandeploymentcomputecertificatemanagedacmimport2.md
docs/models/operations/plandeploymentcomputecertificatetlssecretref2.md
docs/models/operations/plandeploymentcomputecertificateunion2.md
docs/models/operations/plandeploymentcomputemodecustom.md
docs/models/operations/plandeploymentcomputeproviderazureapplicationgatewayforcontainersenum4.md
docs/models/operations/plandeploymentcomputeproviderazureapplicationgatewayforcontainers4.md
docs/models/operations/plandeploymentcomputeprovidergkegatewayenum4.md
docs/models/operations/plandeploymentcomputeprovidergkegateway4.md
docs/models/operations/plandeploymentcomputeproviderawsalbenum4.md
docs/models/operations/plandeploymentcomputeproviderawsalb4.md
docs/models/operations/plandeploymentcomputeproviderunion4.md
docs/models/operations/plandeploymentcomputeroutegateway2.md
docs/models/operations/plandeploymentcomputeproviderazureapplicationgatewayforcontainersenum3.md
docs/models/operations/plandeploymentcomputeproviderazureapplicationgatewayforcontainers3.md
docs/models/operations/plandeploymentcomputeprovidergkegatewayenum3.md
docs/models/operations/plandeploymentcomputeprovidergkegateway3.md
docs/models/operations/plandeploymentcomputeproviderawsalbenum3.md
docs/models/operations/plandeploymentcomputeproviderawsalb3.md
docs/models/operations/plandeploymentcomputeproviderunion3.md
docs/models/operations/plandeploymentcomputerouteingress2.md
docs/models/operations/plandeploymentcomputerouteunion2.md
docs/models/operations/plandeploymentcomputeexposurecustom.md
docs/models/operations/plandeploymentcomputecertificatenone1.md
docs/models/operations/plandeploymentcomputecertificatemanagedtlssecret1.md
docs/models/operations/plandeploymentcomputecertificateawsacmarn1.md
docs/models/operations/plandeploymentcomputecertificatemanagedacmimport1.md
docs/models/operations/plandeploymentcomputecertificatetlssecretref1.md
docs/models/operations/plandeploymentcomputecertificateunion1.md
docs/models/operations/plandeploymentcomputemodegenerated.md
docs/models/operations/plandeploymentcomputeproviderazureapplicationgatewayforcontainersenum2.md
docs/models/operations/plandeploymentcomputeproviderazureapplicationgatewayforcontainers2.md
docs/models/operations/plandeploymentcomputeprovidergkegatewayenum2.md
docs/models/operations/plandeploymentcomputeprovidergkegateway2.md
docs/models/operations/plandeploymentcomputeproviderawsalbenum2.md
docs/models/operations/plandeploymentcomputeproviderawsalb2.md
docs/models/operations/plandeploymentcomputeproviderunion2.md
docs/models/operations/plandeploymentcomputeroutegateway1.md
docs/models/operations/plandeploymentcomputeproviderazureapplicationgatewayforcontainersenum1.md
docs/models/operations/plandeploymentcomputeproviderazureapplicationgatewayforcontainers1.md
docs/models/operations/plandeploymentcomputeprovidergkegatewayenum1.md
docs/models/operations/plandeploymentcomputeprovidergkegateway1.md
docs/models/operations/plandeploymentcomputeproviderawsalbenum1.md
docs/models/operations/plandeploymentcomputeproviderawsalb1.md
docs/models/operations/plandeploymentcomputeproviderunion1.md
docs/models/operations/plandeploymentcomputerouteingress1.md
docs/models/operations/plandeploymentcomputerouteunion1.md
docs/models/operations/plandeploymentcomputeexposuregenerated.md
docs/models/operations/plandeploymentcomputemodedisabled.md
docs/models/operations/plandeploymentcomputeexposuredisabled.md
docs/models/operations/plandeploymentcomputeexposureunion.md
docs/models/operations/plandeploymentcomputekubernetes.md
docs/models/operations/plandeploymentcomputekubernetesunion.md
docs/models/operations/plandeploymentcomputetypebyovnetazure.md
docs/models/operations/plandeploymentcomputenetworkbyovnetazure.md
docs/models/operations/plandeploymentcomputetypebyovpcgcp.md
docs/models/operations/plandeploymentcomputenetworkbyovpcgcp.md
docs/models/operations/plandeploymentcomputetypebyovpcaws.md
docs/models/operations/plandeploymentcomputenetworkbyovpcaws.md
docs/models/operations/plandeploymentcomputetypecreate.md
docs/models/operations/plandeploymentcomputenetworkcreate.md
docs/models/operations/plandeploymentcomputetypeusedefault.md
docs/models/operations/plandeploymentcomputenetworkusedefault.md
docs/models/operations/plandeploymentcomputenetworkunion.md
docs/models/operations/plandeploymentcomputetelemetry.md
docs/models/operations/plandeploymentcomputeupdates.md
docs/models/operations/plandeploymentcomputestacksettings.md
docs/models/operations/plandeploymentcomputerequestbody.md
