package.json
src/models/role.ts
src/models/operations/deletemanager.ts
src/models/gitrepository.ts
src/models/operations/listgitnamespacerepositories.ts
src/models/operations/getproject.ts
src/funcs/managersProvision.ts
docs/lib/utils/retryconfig.md
src/models/operations/updateworkspacemember.ts
src/sdk/commands.ts
src/funcs/managersGetManagementConfig.ts
src/models/operations/getmanagerdeployment.ts
src/funcs/deploymentsGetInfo.ts
src/funcs/workspacesGet.ts
src/funcs/apiKeysGet.ts
src/funcs/projectsCreate.ts
src/sdk/releases.ts
src/models/operations/updateuserprofile.ts
src/funcs/managersGenerateManagerToken.ts
src/models/domain.ts
src/models/security.ts
src/models/apikey.ts
src/models/operations/importdeployment.ts
src/funcs/userListMemberships.ts
src/funcs/apiKeysDeleteMultiple.ts
src/funcs/syncReconcile.ts
src/models/operations/getapikey.ts
.npmignore
FUNCTIONS.md
RUNTIMES.md
eslint.config.mjs
src/models/subject.ts
jsr.json
docs/sdks/apikeys/README.md
src/funcs/containersListDeploymentContainers.ts
src/core.ts
examples/README.md
src/index.ts
src/lib/base64.ts
src/lib/config.ts
src/lib/dlv.ts
src/lib/encodings.ts
src/funcs/eventsGet.ts
src/lib/env.ts
src/lib/files.ts
src/lib/http.ts
src/lib/is-plain-object.ts
src/lib/logger.ts
src/funcs/containersListDeploymentEvents.ts
src/lib/matchers.ts
docs/sdks/auth/README.md
docs/models/operations/updateuserprofilerequest.md
src/funcs/userCreateWorkspace.ts
src/models/workspace.ts
src/models/operations/createdomain.ts
src/lib/primitives.ts
src/lib/retries.ts
src/lib/schemas.ts
src/funcs/commandsCreate.ts
src/funcs/managersUpdate.ts
src/lib/sdks.ts
docs/models/operations/updateuserprofileresponse.md
src/funcs/deploymentsImport.ts
src/lib/security.ts
src/lib/url.ts
src/funcs/projectsCreateFromTemplate.ts
src/models/managerheartbeatresponse.ts
src/sdk/index.ts
src/models/errors/httpclienterrors.ts
src/models/errors/responsevalidationerror.ts
src/funcs/containersGetAttention.ts
docs/models/operations/listmembershipsresponse.md
src/models/operations/listmanagerevents.ts
src/models/errors/sdkvalidationerror.ts
src/models/errors/alienerror.ts
src/models/gitlabprovider.ts
src/models/errors/aliendefaulterror.ts
src/types/async.ts
src/funcs/deploymentsDelete.ts
src/types/blobs.ts
src/funcs/domainsCreate.ts
src/types/constdatetime.ts
docs/models/operations/createworkspacerequest.md
src/funcs/containersListDeploymentMachines.ts
src/funcs/deploymentsCreateToken.ts
src/models/updatemanagerrequest.ts
src/models/index.ts
src/types/enums.ts
src/types/fp.ts
src/types/index.ts
docs/models/operations/listgitnamespacesprovider.md
src/types/operations.ts
src/funcs/projectsUpdate.ts
src/models/gitmetadata.ts
src/types/rfcdate.ts
src/types/streams.ts
src/models/deploymentscope.ts
src/types/unrecognized.ts
tsconfig.json
src/models/operations/listpackages.ts
src/models/operations/syncacquire.ts
src/models/commanddeploymentgroupinfo.ts
src/models/operations/deletedeployment.ts
src/models/operations/getpackage.ts
.devcontainer/setup.sh
src/models/apierror.ts
src/models/operations/syncgitnamespaces.ts
src/models/createdeploymentgrouptokenresponse.ts
src/models/operations/deleteproject.ts
src/models/operations/listreleases.ts
.gitattributes
docs/sdks/commands/README.md
src/models/operations/createprojectfromtemplate.ts
src/models/operations/getdeploymentstats.ts
src/models/commandprojectinfo.ts
src/funcs/managersList.ts
src/funcs/apiKeysList.ts
src/funcs/projectsGetActiveRelease.ts
src/funcs/managersListEvents.ts
src/models/operations/updateapikey.ts
docs/models/operations/listgitnamespacesrequest.md
src/models/createdeploymenttokenresponse.ts
src/models/package.ts
src/models/operations/createcommand.ts
src/models/operations/createdeploymentgrouptoken.ts
src/models/operations/getrelease.ts
src/models/syncacquirerequest.ts
src/models/deploymentrole.ts
src/models/gitprovider.ts
docs/models/operations/listgitnamespacesresponse.md
src/funcs/workspacesDelete.ts
src/funcs/packagesRebuild.ts
src/models/createdeploymentgrouprequest.ts
src/models/operations/listdeployments.ts
docs/models/operations/syncgitnamespacesprovider.md
src/models/operations/listgitnamespaces.ts
src/funcs/deploymentsListFilterDeploymentGroups.ts
src/models/gitnamespace.ts
docs/models/operations/syncgitnamespacesrequest.md
src/models/operations/createdeploymenttoken.ts
src/models/operations/listworkspaces.ts
src/models/operations/getdeploymentcontainer.ts
src/funcs/managersGoogleCloudConnect.ts
src/sdk/domains.ts
docs/models/operations/syncgitnamespacesresponse.md
src/models/deploymentlistitemresponse.ts
src/models/operations/listdeploymentgroups.ts
src/funcs/apiKeysCreate.ts
src/models/operations/updateworkspace.ts
src/models/projectscope.ts
src/funcs/containersGetDeploymentContainer.ts
src/models/createdeploymenttokenrequest.ts
docs/models/operations/listgitnamespacerepositoriesrequest.md
src/funcs/projectsDelete.ts
src/funcs/containersListDeploymentContainerInstanceEvents.ts
src/models/projectrole.ts
src/models/deploymentprojectinfo.ts
src/funcs/deploymentsList.ts
docs/models/operations/listgitnamespacerepositoriesresponse.md
src/models/operations/listdeploymentcontainerevents.ts
src/models/releaselistitemresponse.ts
src/models/operations/listevents.ts
src/models/operations/getmanager.ts
src/models/operations/getmanagermanagementconfig.ts
src/models/operations/listcommands.ts
docs/models/operations/listworkspacesrequest.md
src/models/newmanagerrequest.ts
src/funcs/userListGitNamespaceRepositories.ts
src/funcs/releasesCreate.ts
src/funcs/packagesList.ts
src/models/operations/generatemanagertoken.ts
src/models/operations/getdomain.ts
docs/models/operations/listworkspacesresponse.md
src/models/event.ts
src/models/deploymentstats.ts
src/models/resolveresponse.ts
docs/models/operations/getworkspacerequest.md
examples/.env.template
src/models/operations/getcontainermachines.ts
src/models/environmentvariableconfig.ts
src/models/operations/createdeploymentgroup.ts
src/funcs/commandsGet.ts
src/models/createdeploymentresponse.ts
src/models/operations/getprojecttemplateurls.ts
src/models/operations/listmanagers.ts
src/models/operations/rebuildpackages.ts
src/models/managerscope.ts
docs/models/operations/deleteworkspacerequest.md
src/models/environmentvariabletype.ts
src/funcs/managersGet.ts
src/funcs/deploymentsGetStats.ts
src/models/operations/connectmanagertogooglecloud.ts
src/models/membership.ts
src/models/operations/resolve.ts
docs/models/operations/updateworkspacerequestbody.md
src/funcs/workspacesRemoveMember.ts
src/models/operations/revokeapikey.ts
src/models/workspacescope.ts
src/models/newdeploymentrequest.ts
src/funcs/workspacesUpdate.ts
src/sdk/packages.ts
src/sdk/workspaces.ts
src/models/updatecommandrequest.ts
docs/models/operations/updateworkspacerequest.md
src/models/operations/listdeploymentmachines.ts
src/funcs/deploymentsListFilterPlatforms.ts
src/models/deploymentgroupinfo.ts
src/funcs/releasesListAuthors.ts
src/funcs/deploymentsCreate.ts
src/sdk/user.ts
src/sdk/auth.ts
src/sdk/resolve.ts
src/funcs/deploymentsRedeploy.ts
docs/models/operations/listworkspacemembersrequest.md
src/sdk/deploymentgroups.ts
src/models/operations/pindeploymentrelease.ts
src/funcs/releasesList.ts
src/models/operations/getdeploymentconnectioninfo.ts
src/models/createapikeyresponse.ts
src/funcs/eventsList.ts
src/models/listcommanddeploymentsresponse.ts
src/funcs/packagesGet.ts
docs/models/operations/listworkspacemembersresponse.md
src/funcs/releasesGet.ts
src/models/release.ts
.devcontainer/devcontainer.json
src/funcs/commandsList.ts
src/funcs/deploymentsPinRelease.ts
src/models/serviceaccountsubject.ts
docs/models/operations/addworkspacememberrequestbody.md
src/models/operations/updateproject.ts
src/models/operations/createproject.ts
src/funcs/userListGitNamespaces.ts
.devcontainer/README.md
src/models/commandlistitemresponse.ts
src/models/githubprovider.ts
src/models/operations/cancelpackage.ts
docs/models/operations/addworkspacememberrequest.md
src/models/operations/reportmanagerheartbeat.ts
src/funcs/deploymentGroupsCreateDeploymentGroup.ts
src/models/operations/getevent.ts
src/models/operations/deletedomain.ts
src/funcs/authWhoami.ts
src/models/operations/getworkspace.ts
examples/package.json
docs/models/operations/removeworkspacememberrequest.md
src/models/errors/apierror.ts
src/sdk/containers.ts
docs/models/operations/updateworkspacememberrequestbody.md
src/models/operations/listmemberships.ts
src/models/manager.ts
docs/sdks/containers/README.md
src/funcs/deploymentGroupsListDeploymentGroups.ts
src/models/operations/getprojectactiverelease.ts
docs/models/operations/updateworkspacememberrequest.md
src/funcs/deploymentsUpdateEnvironmentVariables.ts
src/models/operations/createdeployment.ts
src/hooks/types.ts
docs/sdks/deployment/README.md
src/funcs/workspacesAddMember.ts
src/models/createdeploymentgrouptokenrequest.ts
docs/models/operations/listprojectsinclude.md
src/models/managerdeployment.ts
docs/models/operations/listprojectsrequest.md
src/funcs/deploymentGroupsCreateDeploymentGroupToken.ts
src/models/operations/provisionmanager.ts
docs/models/operations/listprojectsresponse.md
src/sdk/sync.ts
src/models/createcommandresponse.ts
docs/models/operations/createprojecttyperequest.md
src/models/subjectscope.ts
docs/models/operations/createprojectgitrepositoryrequest.md
src/funcs/managersGetDeployment.ts
src/models/managerstatus.ts
docs/models/operations/createprojectclirequest.md
docs/models/operations/createprojectcloudformationrequest.md
docs/models/operations/createprojectagentimagerequest.md
docs/sdks/deploymentgroups/README.md
docs/models/operations/createprojecthelmrequest.md
docs/models/operations/createprojectterraformrequest.md
docs/models/operations/createprojectpackagesconfigrequest.md
docs/models/operations/createprojectrequestbody.md
docs/models/operations/createprojectrequest.md
src/sdk/managers.ts
docs/models/operations/createprojecttypegithubresponse.md
src/sdk/apikeys.ts
src/funcs/domainsDelete.ts
docs/models/operations/createprojectgitrepositoryresponse.md
src/models/syncreleaserequest.ts
docs/models/operations/createprojectdeploymentpagebackgroundtype.md
docs/models/operations/createprojectmode.md
docs/models/operations/createprojectcolorscheme.md
docs/models/operations/createprojectdeploymentpagebackground.md
docs/models/operations/createprojectcliresponse.md
docs/models/operations/createprojectcloudformationresponse.md
src/models/deployment.ts
docs/models/operations/createprojectagentimageresponse.md
src/funcs/deploymentsGet.ts
src/funcs/deploymentGroupsUpdateDeploymentGroup.ts
docs/models/operations/createprojecthelmresponse.md
src/models/operations/syncrelease.ts
src/models/pinreleaserequest.ts
docs/models/operations/createprojectterraformresponse.md
src/sdk/sdk.ts
docs/models/operations/createprojectpackagesconfigresponse.md
src/sdk/projects.ts
src/models/managerrole.ts
docs/models/operations/createprojectgithubsetup.md
docs/models/operations/createprojectresponse.md
docs/models/operations/getprojectrequest.md
src/models/deploymentdetailresponse.ts
docs/models/operations/deleteprojectrequest.md
src/models/operations/getdeploymentinfo.ts
src/funcs/deploymentGroupsGetDeploymentGroup.ts
docs/models/operations/updateprojecttypegithub.md
src/models/deploymentreleaseinfo.ts
docs/models/operations/updateprojectgitrepository.md
src/models/operations/listdeploymentcontainerinstanceevents.ts
docs/sdks/deployments/README.md
docs/models/operations/updateprojectdeploymentpagebackgroundtype.md
docs/models/operations/updateprojectmode.md
docs/models/operations/updateprojectcolorscheme.md
docs/models/operations/updateprojectdeploymentpagebackground.md
docs/models/operations/updateprojectcli.md
src/models/deploymentgrouprole.ts
src/funcs/apiKeysRevoke.ts
docs/models/operations/updateprojectcloudformation.md
src/models/operations/updatedeploymentenvironmentvariables.ts
src/funcs/domainsList.ts
docs/models/operations/updateprojectagentimage.md
src/models/usersubject.ts
src/funcs/workspacesUpdateMember.ts
docs/models/operations/updateprojecthelm.md
src/funcs/managersDelete.ts
src/funcs/containersGetDeployments.ts
docs/models/operations/updateprojectterraform.md
src/models/operations/listdeploymentfilterdeploymentgroups.ts
src/models/operations/listcommanddeployments.ts
docs/models/operations/updateprojectpackagesconfig.md
docs/models/operations/updateprojectrequestbody.md
docs/sdks/domains/README.md
docs/models/operations/updateprojectrequest.md
docs/models/operations/templatepathrequest.md
docs/sdks/events/README.md
docs/models/operations/createprojectfromtemplateclirequest.md
docs/models/operations/createprojectfromtemplatecloudformationrequest.md
docs/models/operations/createprojectfromtemplateagentimagerequest.md
docs/models/operations/createprojectfromtemplatehelmrequest.md
docs/models/operations/createprojectfromtemplateterraformrequest.md
docs/models/operations/createprojectfromtemplatepackagesconfigrequest.md
docs/models/operations/createprojectfromtemplaterequestbody.md
docs/models/operations/createprojectfromtemplaterequest.md
docs/models/operations/createprojectfromtemplatetypegithub.md
docs/models/operations/createprojectfromtemplategitrepository.md
docs/models/operations/createprojectfromtemplatedeploymentpagebackgroundtype.md
docs/models/operations/createprojectfromtemplatemode.md
docs/models/operations/createprojectfromtemplatecolorscheme.md
docs/models/operations/createprojectfromtemplatedeploymentpagebackground.md
docs/models/operations/createprojectfromtemplatecliresponse.md
docs/models/operations/createprojectfromtemplatecloudformationresponse.md
docs/models/operations/createprojectfromtemplateagentimageresponse.md
docs/models/operations/createprojectfromtemplatehelmresponse.md
docs/models/operations/createprojectfromtemplateterraformresponse.md
docs/models/operations/createprojectfromtemplatepackagesconfigresponse.md
docs/models/operations/createprojectfromtemplategithubsetup.md
docs/models/operations/sourcerepository.md
docs/sdks/managers/README.md
docs/models/operations/templatepathresponse.md
docs/models/operations/template.md
docs/models/operations/createprojectfromtemplateresponse.md
docs/sdks/packages/README.md
src/models/syncreconcilerequest.ts
src/models/listcommandnamesresponse.ts
src/funcs/domainsGet.ts
docs/models/operations/getprojecttemplateurlsrequest.md
src/funcs/projectsGet.ts
docs/models/operations/getprojecttemplateurlsaws.md
docs/models/operations/getprojecttemplateurlsresponse.md
src/models/commanddeploymentinfo.ts
src/models/operations/addworkspacemember.ts
docs/models/operations/getprojectactivereleaserequest.md
src/models/operations/removeworkspacemember.ts
src/models/operations/index.ts
src/funcs/packagesCancel.ts
docs/models/operations/listdeploymentgroupsrequest.md
docs/sdks/projects/README.md
docs/models/operations/listdeploymentgroupsresponse.md
src/sdk/deployments.ts
src/models/operations/updatedeploymentgroup.ts
docs/models/operations/createdeploymentgrouprequest.md
src/models/scope.ts
src/funcs/userUpdateProfile.ts
docs/models/operations/getdeploymentgrouprequest.md
src/funcs/containersGetDeploymentCluster.ts
docs/models/operations/getdeploymentgroupresponse.md
USAGE.md
docs/models/operations/deletedeploymentgrouprequest.md
docs/models/operations/updatedeploymentgrouprequest.md
docs/models/operations/createdeploymentgrouptokenrequest.md
docs/models/operations/listpackagestype.md
docs/sdks/releases/README.md
src/models/syncacquireresponse.ts
docs/models/operations/listpackagesstatus.md
src/models/operations/listreleasebranches.ts
docs/sdks/resolve/README.md
src/models/operations/deletedeploymentgroup.ts
docs/models/operations/listpackagesrequest.md
src/models/operations/deleteapikeys.ts
src/models/deploymentgroup.ts
src/funcs/workspacesListMembers.ts
docs/models/operations/listpackagesresponse.md
src/funcs/commandsUpdate.ts
src/models/releaseauthorfilteritem.ts
docs/models/operations/getpackagerequest.md
src/funcs/syncAcquire.ts
src/models/createreleaserequest.ts
docs/models/operations/rebuildpackagesrequestbody.md
docs/sdks/sync/README.md
src/models/command.ts
docs/models/operations/rebuildpackagesrequest.md
src/models/operations/getdeploymentgroup.ts
src/funcs/commandsListDeployments.ts
docs/models/operations/rebuildpackagesresponse.md
src/models/deploymentpagebackground.ts
src/models/operations/updatecommand.ts
docs/models/operations/cancelpackagerequest.md
src/models/operations/listprojects.ts
docs/models/operations/listreleasesinclude.md
docs/models/operations/listreleasesrequest.md
docs/models/operations/listreleasesresponse.md
docs/models/operations/createreleaserequest.md
docs/sdks/user/README.md
docs/models/operations/listreleasebranchesrequest.md
docs/models/operations/listreleasebranchesresponse.md
docs/models/operations/listreleaseauthorsrequest.md
docs/models/operations/listreleaseauthorsresponse.md
docs/models/operations/getreleaseinclude.md
docs/models/operations/getreleaserequest.md
docs/models/operations/listdeploymentsstatus.md
docs/models/operations/listdeploymentsplatform.md
docs/models/operations/listdeploymentsinclude.md
docs/models/operations/listdeploymentsrequest.md
docs/sdks/workspaces/README.md
docs/models/operations/listdeploymentsresponse.md
docs/models/operations/createdeploymentrequest.md
docs/models/operations/getdeploymentstatsplatform.md
docs/models/operations/getdeploymentstatsstatus.md
docs/models/operations/getdeploymentstatsrequest.md
docs/models/operations/listdeploymentfilterplatformsrequest.md
docs/models/operations/listdeploymentfilterplatformsitem.md
docs/models/operations/listdeploymentfilterplatformsresponse.md
docs/models/operations/listdeploymentfilterdeploymentgroupsrequest.md
docs/models/operations/listdeploymentfilterdeploymentgroupsitem.md
docs/models/operations/listdeploymentfilterdeploymentgroupsresponse.md
docs/models/operations/getdeploymentinclude.md
src/models/workspacemember.ts
docs/models/operations/getdeploymentrequest.md
src/funcs/apiKeysUpdate.ts
src/models/operations/getcommand.ts
docs/models/operations/deletedeploymentrequest.md
src/funcs/deploymentGroupsDeleteDeploymentGroup.ts
src/models/projectreleaseinfo.ts
docs/models/operations/deletedeploymentresponse.md
src/models/operations/syncreconcile.ts
src/funcs/projectsList.ts
docs/models/operations/getdeploymentconnectioninforequest.md
src/funcs/managersCreate.ts
src/funcs/releasesListBranches.ts
docs/models/operations/importdeploymentrequest.md
docs/models/operations/redeploydeploymentrequest.md
docs/models/operations/redeploydeploymentresponse.md
docs/models/operations/pindeploymentreleaserequest.md
docs/models/operations/pindeploymentreleaseresponse.md
docs/models/operations/retrydeploymentrequest.md
docs/models/operations/retrydeploymentresponse.md
docs/models/operations/updatedeploymentenvironmentvariablesrequest.md
docs/models/operations/updatedeploymentenvironmentvariablesresponse.md
src/models/deploymentinfo.ts
docs/models/operations/createdeploymenttokenrequest.md
examples/userUpdateProfile.example.ts
src/funcs/deploymentsRetry.ts
docs/models/operations/listmanagersrequest.md
src/funcs/containersGetOverview.ts
src/funcs/projectsGetTemplateUrls.ts
docs/models/operations/createmanagerrequest.md
src/models/operations/listworkspacemembers.ts
src/sdk/deployment.ts
docs/models/operations/target.md
src/models/createcommandrequest.ts
src/models/deploymentgroupscope.ts
src/models/stackbyplatform.ts
docs/models/operations/createmanagerplatformkubernetes.md
src/funcs/syncRelease.ts
src/funcs/containersGetMachines.ts
docs/models/operations/managementconfigkubernetes.md
src/models/operations/getdeployment.ts
src/models/operations/redeploydeployment.ts
docs/models/operations/createmanagerplatformazure.md
src/models/operations/deleteworkspace.ts
docs/models/operations/managementconfigazure.md
src/models/operations/getcontaineroverview.ts
src/models/deploymentconnectioninfo.ts
docs/models/operations/createmanagerplatformgcp.md
src/models/workspacerole.ts
src/models/generatemanagertokenresponse.ts
docs/models/operations/managementconfiggcp.md
src/models/updatedeploymentenvironmentvariablesrequest.ts
src/hooks/index.ts
src/models/operations/createworkspace.ts
docs/models/operations/createmanagerplatformaws.md
docs/models/operations/managementconfigaws.md
docs/models/operations/managementconfig.md
docs/models/operations/createmanagermetrics.md
docs/models/operations/createmanagerresponse.md
docs/models/operations/getmanagerrequest.md
docs/models/operations/deletemanagerrequest.md
docs/models/operations/deletemanagerresponse.md
docs/models/operations/getmanagermanagementconfigrequest.md
docs/models/operations/kubernetes.md
docs/models/operations/azure.md
docs/models/operations/gcp.md
docs/models/operations/getmanagermanagementconfigaws.md
docs/models/operations/getmanagermanagementconfigresponse.md
docs/models/operations/provisionmanagerrequest.md
docs/models/operations/provisionmanagerresponse.md
docs/models/operations/updatemanagerrequest.md
docs/models/operations/updatemanagerresponse.md
docs/models/operations/listmanagereventsrequest.md
docs/models/operations/listmanagereventsresponse.md
docs/models/operations/generatemanagertokenrequest.md
docs/models/operations/reportmanagerheartbeatrequest.md
docs/models/operations/getmanagerdeploymentrequest.md
docs/models/operations/connectmanagertogooglecloudrequest.md
docs/models/operations/listapikeysrequest.md
docs/models/operations/listapikeysresponse.md
docs/models/operations/createapikeyrequest.md
docs/models/operations/getapikeyrequest.md
docs/models/operations/revokeapikeyrequest.md
docs/models/operations/updateapikeyrequest.md
docs/models/operations/deleteapikeysrequest.md
docs/models/operations/deleteapikeysresponse.md
docs/models/operations/listdomainsrequest.md
docs/models/operations/listdomainsresponse.md
docs/models/operations/createdomainrequestbody.md
docs/models/operations/createdomainrequest.md
docs/models/operations/getdomainrequest.md
docs/models/operations/deletedomainrequest.md
docs/models/operations/deletedomainresponse.md
docs/models/operations/listeventsrequest.md
docs/models/operations/listeventsresponse.md
docs/models/operations/geteventrequest.md
docs/models/operations/state.md
docs/models/operations/listcommandsinclude.md
docs/models/operations/listcommandsrequest.md
docs/models/operations/listcommandsresponse.md
docs/models/operations/createcommandrequest.md
docs/models/operations/listcommandnamesrequest.md
docs/models/operations/listcommanddeploymentsrequest.md
docs/models/operations/getcommandrequest.md
src/models/syncreconcileresponse.ts
docs/models/operations/updatecommandrequest.md
src/models/updateapikeyrequest.ts
src/models/operations/updatemanager.ts
docs/models/operations/getdeploymentinforequest.md
src/models/createapikeyrequest.ts
src/models/operations/createrelease.ts
src/models/generatemanagertokenrequest.ts
docs/models/operations/syncacquirerequest.md
docs/models/operations/syncreconcilerequest.md
docs/models/operations/syncreleaserequest.md
docs/models/operations/syncreleaseresponse.md
docs/models/operations/getcontaineroverviewrequest.md
docs/models/operations/containerdefinition.md
docs/models/operations/getcontaineroverviewmachinesbystatus.md
docs/models/operations/getcontaineroverviewtotals.md
docs/models/operations/getcontaineroverviewresponse.md
docs/models/operations/getcontainerattentionrequest.md
docs/models/operations/getcontainerattentiontype.md
docs/models/operations/issue.md
docs/models/operations/getcontainerattentiondeployment.md
docs/models/operations/getcontainerattentionresponse.md
docs/models/operations/getcontainerdefinitiondeploymentsrequest.md
docs/models/operations/getcontainerdefinitiondeploymentsdeployment.md
docs/models/operations/getcontainerdefinitiondeploymentsresponse.md
docs/models/operations/getcontainermachinesrequest.md
docs/models/operations/deploymentmachinesbystatus.md
docs/models/operations/recommendation.md
docs/models/operations/capacitygroup.md
docs/models/operations/getcontainermachinesdeployment.md
docs/models/operations/getcontainermachinestotalsmachinesbystatus.md
docs/models/operations/getcontainermachinestotals.md
docs/models/operations/getcontainermachinesresponse.md
docs/models/operations/getdeploymentclusterrequest.md
docs/models/operations/getdeploymentclustercpu.md
docs/models/operations/getdeploymentclustermemory.md
docs/models/operations/ephemeralstorage.md
docs/models/operations/capacity.md
docs/models/operations/getdeploymentclusterresponse.md
docs/models/operations/listdeploymentcontainersrequest.md
docs/models/operations/listdeploymentcontainersstatus.md
docs/models/operations/container.md
docs/models/operations/listdeploymentcontainersresponse.md
docs/models/operations/getdeploymentcontainerrequest.md
docs/models/operations/getdeploymentcontainerstatus.md
docs/models/operations/autoscaling.md
docs/models/operations/getdeploymentcontainercpu.md
docs/models/operations/getdeploymentcontainermemory.md
docs/models/operations/getdeploymentcontainergpu.md
docs/models/operations/resources.md
docs/models/operations/healthcheck.md
docs/models/operations/topendpoint.md
docs/models/operations/http.md
docs/models/operations/getdeploymentcontainermetrics.md
docs/models/operations/replicasinfo.md
docs/models/operations/getdeploymentcontainerresponse.md
docs/models/operations/listdeploymentmachinesrequest.md
docs/models/operations/listdeploymentmachinesstatus.md
docs/models/operations/listdeploymentmachinescpu.md
docs/models/operations/listdeploymentmachinesmemory.md
docs/models/operations/listdeploymentmachinesgpu.md
docs/models/operations/machine.md
docs/models/operations/listdeploymentmachinesresponse.md
docs/models/operations/listdeploymentcontainereventsqueryparamtype.md
docs/models/operations/listdeploymentcontainereventsrequest.md
docs/models/operations/listdeploymentcontainereventseventtype.md
docs/models/operations/listdeploymentcontainereventsinvolvedobject.md
docs/models/operations/listdeploymentcontainereventsevent.md
docs/models/operations/listdeploymentcontainereventsresponse.md
docs/models/operations/listdeploymentcontainerinstanceeventsrequest.md
docs/models/operations/listdeploymentcontainerinstanceeventstype.md
docs/models/operations/listdeploymentcontainerinstanceeventsinvolvedobject.md
docs/models/operations/listdeploymentcontainerinstanceeventsevent.md
docs/models/operations/listdeploymentcontainerinstanceeventsresponse.md
docs/models/operations/resolveplatform.md
docs/models/operations/resolverequest.md
docs/models/errors/apierror.md
docs/models/membership.md
docs/models/gitnamespacetype.md
docs/models/provider.md
docs/models/gitnamespace.md
docs/models/gitrepository.md
docs/models/subject.md
docs/models/usersubject.md
docs/models/userrole.md
docs/models/serviceaccountsubject.md
docs/models/role.md
docs/models/workspacerole.md
docs/models/projectrole.md
docs/models/deploymentrole.md
docs/models/deploymentgrouprole.md
docs/models/managerrole.md
docs/models/subjectscopemanager.md
docs/models/subjectscopedeploymentgroup.md
docs/models/subjectscopedeployment.md
docs/models/subjectscopeproject.md
docs/models/subjectscopeworkspace.md
docs/models/subjectscope.md
docs/models/workspace.md
docs/models/workspacemember.md
docs/models/projectlistitemresponsetypegithub.md
docs/models/projectlistitemresponsegitrepository.md
docs/models/projectlistitemresponsedeploymentpagebackgroundtype.md
docs/models/projectlistitemresponsemode.md
docs/models/projectlistitemresponsecolorscheme.md
docs/models/projectlistitemresponsedeploymentpagebackground.md
docs/models/projectlistitemresponsecli.md
docs/models/projectlistitemresponsecloudformation.md
docs/models/projectlistitemresponseagentimage.md
docs/models/projectlistitemresponsehelm.md
docs/models/projectlistitemresponseterraform.md
docs/models/projectlistitemresponsepackagesconfig.md
docs/models/projectlistitemresponse.md
docs/models/projectreleaseinfo.md
docs/models/gitmetadata.md
docs/models/gitprovider.md
docs/models/githubprovidertype.md
docs/models/githubprovider.md
docs/models/gitlabprovidertype.md
docs/models/gitlabprovider.md
docs/models/projecttypegithub.md
docs/models/projectgitrepository.md
docs/models/projectdeploymentpagebackgroundtype.md
docs/models/projectmode.md
docs/models/projectcolorscheme.md
docs/models/projectdeploymentpagebackground.md
docs/models/projectcli.md
docs/models/projectcloudformation.md
docs/models/projectagentimage.md
docs/models/projecthelm.md
docs/models/projectterraform.md
docs/models/projectpackagesconfig.md
docs/models/project.md
docs/models/deploymentgroup.md
docs/models/createdeploymentgrouprequest.md
docs/models/updatedeploymentgrouprequest.md
docs/models/createdeploymentgrouptokenresponse.md
docs/models/createdeploymentgrouptokenrequest.md
docs/models/packagetypeenum.md
docs/models/packagestatus.md
docs/models/configterraform.md
docs/models/configagentimage.md
docs/models/confighelm.md
docs/models/configcloudformation.md
docs/models/configcli.md
docs/models/config.md
docs/models/packagegpgpublickey.md
docs/models/packageplatforms.md
docs/models/outputstypeterraform.md
docs/models/outputsterraform.md
docs/models/outputstypecloudformation.md
docs/models/outputscloudformation.md
docs/models/outputstypehelm.md
docs/models/outputshelm.md
docs/models/outputstypeagentimage.md
docs/models/outputsagentimage.md
docs/models/packagebinaries.md
docs/models/outputstypecli.md
docs/models/outputscli.md
docs/models/packageoutputsunion.md
docs/models/package.md
docs/models/releaselistitemresponseproject.md
docs/models/releaselistitemresponse.md
docs/models/stackbyplatform.md
docs/models/release.md
docs/models/createreleaserequest.md
docs/models/releaseauthorfilteritem.md
docs/models/deploymentlistitemresponsestatus.md
docs/models/deploymentlistitemresponseplatform.md
docs/models/deploymentlistitemresponseplatformtest.md
docs/models/deploymentlistitemresponseenvironmentinfotest.md
docs/models/deploymentlistitemresponseplatformlocal.md
docs/models/deploymentlistitemresponseenvironmentinfolocal.md
docs/models/deploymentlistitemresponseplatformazure.md
docs/models/deploymentlistitemresponseenvironmentinfoazure.md
docs/models/deploymentlistitemresponseplatformgcp.md
docs/models/deploymentlistitemresponseenvironmentinfogcp.md
docs/models/deploymentlistitemresponseplatformaws.md
docs/models/deploymentlistitemresponseenvironmentinfoaws.md
docs/models/deploymentlistitemresponseenvironmentinfounion.md
docs/models/deploymentlistitemresponseerror.md
docs/models/deploymentlistitemresponse.md
docs/models/deploymentprojectinfo.md
docs/models/deploymentgroupinfo.md
docs/models/deploymentreleaseinfo.md
docs/models/createdeploymentresponse.md
docs/models/deploymentstatus.md
docs/models/deploymentplatform.md
docs/models/deploymentplatformtest.md
docs/models/deploymentenvironmentinfotest.md
docs/models/deploymentplatformlocal.md
docs/models/deploymentenvironmentinfolocal.md
docs/models/deploymentplatformazure.md
docs/models/deploymentenvironmentinfoazure.md
docs/models/deploymentplatformgcp.md
docs/models/deploymentenvironmentinfogcp.md
docs/models/deploymentplatformaws.md
docs/models/deploymentenvironmentinfoaws.md
docs/models/deploymentenvironmentinfounion.md
docs/models/deploymentdeploymentmodel.md
docs/models/deploymentaws.md
docs/models/deploymentawsunion.md
docs/models/deploymentdomainsazure.md
docs/models/deploymentazureunion.md
docs/models/deploymentdomainsgcp.md
docs/models/deploymentgcpunion.md
docs/models/deploymentcertificate.md
docs/models/deploymentcustomdomains.md
docs/models/deploymentdomains.md
docs/models/deploymentdomainsunion.md
docs/models/deploymentexternalbindings.md
docs/models/deploymentheartbeats.md
docs/models/deploymenttypebyovnetazure.md
docs/models/deploymentnetworkbyovnetazure.md
docs/models/deploymenttypebyovpcgcp.md
docs/models/deploymentnetworkbyovpcgcp.md
docs/models/deploymenttypebyovpcaws.md
docs/models/deploymentnetworkbyovpcaws.md
docs/models/deploymenttypecreate.md
docs/models/deploymentnetworkcreate.md
docs/models/deploymenttypeusedefault.md
docs/models/deploymentnetworkusedefault.md
docs/models/deploymentnetworkunion.md
docs/models/deploymenttelemetry.md
docs/models/deploymentupdates.md
docs/models/deploymentstacksettings.md
docs/models/deploymentstackstateplatform.md
docs/models/deploymentstackstateconfig.md
docs/models/deploymentstackstatedependency.md
docs/models/deploymenterrorstackstate.md
docs/models/deploymenterrorunion.md
docs/models/deploymentlifecyclestackstateenum.md
docs/models/deploymentlifecycleunion.md
docs/models/deploymentoutputs.md
docs/models/deploymentoutputsunion.md
docs/models/deploymentpreviousconfig.md
docs/models/deploymentpreviousconfigunion.md
docs/models/deploymentstackstatestatus.md
docs/models/deploymentstackstateresources.md
docs/models/deploymentstackstate.md
docs/models/deploymentmanagementenum.md
docs/models/deploymentoverrideawresource.md
docs/models/deploymentoverrideawstack.md
docs/models/deploymentoverrideawbinding.md
docs/models/deploymentoverrideawgrant.md
docs/models/deploymentoverrideaw.md
docs/models/deploymentoverrideazureresource.md
docs/models/deploymentoverrideazurestack.md
docs/models/deploymentoverrideazurebinding.md
docs/models/deploymentoverrideazuregrant.md
docs/models/deploymentoverrideazure.md
docs/models/deploymentoverrideconditionresource.md
docs/models/deploymentoverrideresourceconditionunion.md
docs/models/deploymentoverridegcpresource.md
docs/models/deploymentoverrideconditionstack.md
docs/models/deploymentoverridestackconditionunion.md
docs/models/deploymentoverridegcpstack.md
docs/models/deploymentoverridegcpbinding.md
docs/models/deploymentoverridegcpgrant.md
docs/models/deploymentoverridegcp.md
docs/models/deploymentoverrideplatforms.md
docs/models/deploymentoverride.md
docs/models/deploymentoverrideunion.md
docs/models/deploymentmanagement2.md
docs/models/deploymentextendawresource.md
docs/models/deploymentextendawstack.md
docs/models/deploymentextendawbinding.md
docs/models/deploymentextendawgrant.md
docs/models/deploymentextendaw.md
docs/models/deploymentextendazureresource.md
docs/models/deploymentextendazurestack.md
docs/models/deploymentextendazurebinding.md
docs/models/deploymentextendazuregrant.md
docs/models/deploymentextendazure.md
docs/models/deploymentextendconditionresource.md
docs/models/deploymentextendresourceconditionunion.md
docs/models/deploymentextendgcpresource.md
docs/models/deploymentextendconditionstack.md
docs/models/deploymentextendstackconditionunion.md
docs/models/deploymentextendgcpstack.md
docs/models/deploymentextendgcpbinding.md
docs/models/deploymentextendgcpgrant.md
docs/models/deploymentextendgcp.md
docs/models/deploymentextendplatforms.md
docs/models/deploymentextend.md
docs/models/deploymentextendunion.md
docs/models/deploymentmanagement1.md
docs/models/deploymentmanagementunion.md
docs/models/deploymentprofileawresource.md
docs/models/deploymentprofileawstack.md
docs/models/deploymentprofileawbinding.md
docs/models/deploymentprofileawgrant.md
docs/models/deploymentprofileaw.md
docs/models/deploymentprofileazureresource.md
docs/models/deploymentprofileazurestack.md
docs/models/deploymentprofileazurebinding.md
docs/models/deploymentprofileazuregrant.md
docs/models/deploymentprofileazure.md
docs/models/deploymentprofileconditionresource.md
docs/models/deploymentprofileresourceconditionunion.md
docs/models/deploymentprofilegcpresource.md
docs/models/deploymentprofileconditionstack.md
docs/models/deploymentprofilestackconditionunion.md
docs/models/deploymentprofilegcpstack.md
docs/models/deploymentprofilegcpbinding.md
docs/models/deploymentprofilegcpgrant.md
docs/models/deploymentprofilegcp.md
docs/models/deploymentprofileplatforms.md
docs/models/deploymentprofile.md
