speakeasyVersion: 1.680.11
sources:
    platform-api:
        sourceNamespace: platform-api
        sourceRevisionDigest: sha256:5042a7b4d702bfd8060fd4b7b21a5cdd2eae98f3cb9cbfe70eba5f1a2152542a
        sourceBlobDigest: sha256:fac3da606f6d43abcf45a3aeff0ba4799ad3328b0b12f9a90d4ddecdef9bb0f5
        tags:
            - latest
            - 1.0.0
targets:
    platform-typescript:
        source: platform-api
        sourceNamespace: platform-api
        sourceRevisionDigest: sha256:5042a7b4d702bfd8060fd4b7b21a5cdd2eae98f3cb9cbfe70eba5f1a2152542a
        sourceBlobDigest: sha256:fac3da606f6d43abcf45a3aeff0ba4799ad3328b0b12f9a90d4ddecdef9bb0f5
workflow:
    workflowVersion: 1.0.0
    speakeasyVersion: 1.680.11
    sources:
        platform-api:
            inputs:
                - location: ../openapi.json
            overlays:
                - location: ../speakeasy-overlay.yaml
            registry:
                location: registry.speakeasyapi.dev/alien-ehq/alien/platform-api
    targets:
        platform-typescript:
            target: typescript
            source: platform-api
